
Microsoft Visual Studio Solution File, Format Version 12.00
# Visual Studio 2015
Project("{FAE04EC0-301F-11D3-BF4B-00C04F79EFBC}") = "WT.CSharp.Plugins", "WT.CSharp.Plugins.csproj", "{72F70519-6110-7F83-7EAE-6FF33B523EDE}"
EndProject
Project("{FAE04EC0-301F-11D3-BF4B-00C04F79EFBC}") = "WT.CSharp", "WT.CSharp.csproj", "{E07FE6A9-F489-0E30-C0D3-35241824B3B4}"
EndProject
Project("{FAE04EC0-301F-11D3-BF4B-00C04F79EFBC}") = "WT.CSharp.Editor", "WT.CSharp.Editor.csproj", "{6783181B-4B63-DDD6-5826-FC135BF9DED3}"
EndProject
Global
	GlobalSection(SolutionConfigurationPlatforms) = preSolution
		Debug|Any CPU = Debug|Any CPU
		Release|Any CPU = Release|Any CPU
	EndGlobalSection
	GlobalSection(ProjectConfigurationPlatforms) = postSolution
		{72F70519-6110-7F83-7EAE-6FF33B523EDE}.Debug|Any CPU.ActiveCfg = Debug|Any CPU
		{72F70519-6110-7F83-7EAE-6FF33B523EDE}.Debug|Any CPU.Build.0 = Debug|Any CPU
		{72F70519-6110-7F83-7EAE-6FF33B523EDE}.Release|Any CPU.ActiveCfg = Release|Any CPU
		{72F70519-6110-7F83-7EAE-6FF33B523EDE}.Release|Any CPU.Build.0 = Release|Any CPU
		{E07FE6A9-F489-0E30-C0D3-35241824B3B4}.Debug|Any CPU.ActiveCfg = Debug|Any CPU
		{E07FE6A9-F489-0E30-C0D3-35241824B3B4}.Debug|Any CPU.Build.0 = Debug|Any CPU
		{E07FE6A9-F489-0E30-C0D3-35241824B3B4}.Release|Any CPU.ActiveCfg = Release|Any CPU
		{E07FE6A9-F489-0E30-C0D3-35241824B3B4}.Release|Any CPU.Build.0 = Release|Any CPU
		{6783181B-4B63-DDD6-5826-FC135BF9DED3}.Debug|Any CPU.ActiveCfg = Debug|Any CPU
		{6783181B-4B63-DDD6-5826-FC135BF9DED3}.Debug|Any CPU.Build.0 = Debug|Any CPU
		{6783181B-4B63-DDD6-5826-FC135BF9DED3}.Release|Any CPU.ActiveCfg = Release|Any CPU
		{6783181B-4B63-DDD6-5826-FC135BF9DED3}.Release|Any CPU.Build.0 = Release|Any CPU
	EndGlobalSection
	GlobalSection(SolutionProperties) = preSolution
		HideSolutionNode = FALSE
	EndGlobalSection
EndGlobal
